{
  "name": "test",
  "version": "1.0.0",
  "lockfileVersion": 3,
  "requires": true,
  "packages": {
    "": {
      "name": "test",
      "version": "1.0.0",
      "dependencies": {
        "@effect/data": "^0.14.2"
      },
      "devDependencies": {
        "typescript": "^5.1.6"
      }
    },
    "node_modules/@effect/data": {
      "version": "0.14.2",
      "resolved": "https://registry.npmjs.org/@effect/data/-/data-0.14.2.tgz",
      "integrity": "sha512-0H57JUqtYTZZWC15OOcvGQBIae21/OWQXaX7WOCfC2+uUIYfV+OuKEL/4qKP32d3PCTDP9wHz+UPp8tBN+wX4w=="
    },
    "node_modules/typescript": {
      "version": "5.1.6",
      "resolved": "https://registry.npmjs.org/typescript/-/typescript-5.1.6.tgz",
      "integrity": "sha512-zaWCozRZ6DLEWAWFrVDz1H6FVXzUSfTy5FUMWsQlU8Ym5JP9eO4xkTIROFCQvhQf61z6O/G6ugw3SgAnvvm+HA==",
      "dev": true,
      "bin": {
        "tsc": "bin/tsc",
        "tsserver": "bin/tsserver"
      },
      "engines": {
        "node": ">=14.17"
      }
    }
  }
}
